
Microsoft Visual Studio Solution File, Format Version 12.00
# Visual Studio Version 17
VisualStudioVersion = 17.7.34031.279
MinimumVisualStudioVersion = 10.0.40219.1
Project("{8BC9CEB8-8B4A-11D0-8D11-00A0C91BC942}") = "Sandbox", "Sandbox\Sandbox.vcxproj", "{CCCC37DB-E5CA-43C0-B762-813828200D82}"
EndProject
Project("{8BC9CEB8-8B4A-11D0-8D11-00A0C91BC942}") = "Pocket", "Pocket\Pocket.vcxproj", "{7378D349-B762-4D1C-84CF-74481CC7F4C2}"
EndProject
Global
	GlobalSection(SolutionConfigurationPlatforms) = preSolution
		Debug|x64 = Debug|x64
		Release|x64 = Release|x64
	EndGlobalSection
	GlobalSection(ProjectConfigurationPlatforms) = postSolution
		{CCCC37DB-E5CA-43C0-B762-813828200D82}.Debug|x64.ActiveCfg = Debug|x64
		{CCCC37DB-E5CA-43C0-B762-813828200D82}.Debug|x64.Build.0 = Debug|x64
		{CCCC37DB-E5CA-43C0-B762-813828200D82}.Release|x64.ActiveCfg = Release|x64
		{CCCC37DB-E5CA-43C0-B762-813828200D82}.Release|x64.Build.0 = Release|x64
		{7378D349-B762-4D1C-84CF-74481CC7F4C2}.Debug|x64.ActiveCfg = Debug|x64
		{7378D349-B762-4D1C-84CF-74481CC7F4C2}.Debug|x64.Build.0 = Debug|x64
		{7378D349-B762-4D1C-84CF-74481CC7F4C2}.Release|x64.ActiveCfg = Release|x64
		{7378D349-B762-4D1C-84CF-74481CC7F4C2}.Release|x64.Build.0 = Release|x64
	EndGlobalSection
	GlobalSection(SolutionProperties) = preSolution
		HideSolutionNode = FALSE
	EndGlobalSection
	GlobalSection(ExtensibilityGlobals) = postSolution
		SolutionGuid = {01115653-747D-4786-B40F-6371B8FB29C3}
	EndGlobalSection
EndGlobal
